dependencies:
  SmartLeds:
    component_hash: 423ab43995fc50fe8e3b6fb3b26a5697816a18d44538880081f413459631b33b
    source:
      git: https://github.com/RoboticsBrno/SmartLeds.git
      path: .
      type: git
    version: ede05a64142a75e71d7dcd4a321e045ea53e0c5a
  idf:
    component_hash: null
    source:
      type: idf
    version: 5.2.0
manifest_hash: 548f4bdcfc186638ceb0105d1e191a59260ac4410ee0ddbd26a7415f28af1d9b
target: esp32c3
version: 1.0.0
